
Microsoft Visual Studio Solution File, Format Version 12.00
# Visual Studio 15
VisualStudioVersion = 15.0.27703.2000
MinimumVisualStudioVersion = 10.0.40219.1
Project("{FAE04EC0-301F-11D3-BF4B-00C04F79EFBC}") = "PracticeMVC3", "PracticeMVC3\PracticeMVC3.csproj", "{75D01160-2DCA-4449-80BB-221170C95EAA}"
EndProject
Global
	GlobalSection(SolutionConfigurationPlatforms) = preSolution
		Debug|Any CPU = Debug|Any CPU
		Release|Any CPU = Release|Any CPU
	EndGlobalSection
	GlobalSection(ProjectConfigurationPlatforms) = postSolution
		{75D01160-2DCA-4449-80BB-221170C95EAA}.Debug|Any CPU.ActiveCfg = Debug|Any CPU
		{75D01160-2DCA-4449-80BB-221170C95EAA}.Debug|Any CPU.Build.0 = Debug|Any CPU
		{75D01160-2DCA-4449-80BB-221170C95EAA}.Release|Any CPU.ActiveCfg = Release|Any CPU
		{75D01160-2DCA-4449-80BB-221170C95EAA}.Release|Any CPU.Build.0 = Release|Any CPU
	EndGlobalSection
	GlobalSection(SolutionProperties) = preSolution
		HideSolutionNode = FALSE
	EndGlobalSection
	GlobalSection(ExtensibilityGlobals) = postSolution
		SolutionGuid = {C82B5F52-52DA-4888-8583-63B43824FF33}
	EndGlobalSection
EndGlobal
